
Microsoft Visual Studio Solution File, Format Version 12.00
# Visual Studio Version 17
VisualStudioVersion = 17.4.33403.182
MinimumVisualStudioVersion = 10.0.40219.1
Project("{9A19103F-16F7-4668-BE54-9A1E7A4F7556}") = "DebtManagement", "DebtManagement.csproj", "{26D59CEE-1786-40EE-87C7-1ABF6546DFBA}"
EndProject
Project("{9A19103F-16F7-4668-BE54-9A1E7A4F7556}") = "DebtManagement.BusinessLayer", "..\DebtManagement.BusinessLayer\DebtManagement.BusinessLayer.csproj", "{4DEBF32E-5957-4302-A3DF-C4DBCAB0963A}"
EndProject
Project("{9A19103F-16F7-4668-BE54-9A1E7A4F7556}") = "DebtManagement.DataLayer", "..\DebtManagement.DataLayer\DebtManagement.DataLayer.csproj", "{1CFA9E24-8825-4AE8-A8BE-D02A983C10C2}"
EndProject
Project("{9A19103F-16F7-4668-BE54-9A1E7A4F7556}") = "DebtManagement.Entities", "..\DebtManagement.Entities\DebtManagement.Entities.csproj", "{C57FD3EB-D2F2-4165-9117-53D8AD2C501D}"
EndProject
Project("{9A19103F-16F7-4668-BE54-9A1E7A4F7556}") = "DebtManagement.Tests", "..\DebtManagement.Tests\DebtManagement.Tests.csproj", "{43ABE386-E9F6-4C28-8A1B-962342578617}"
EndProject
Global
	GlobalSection(SolutionConfigurationPlatforms) = preSolution
		Debug|Any CPU = Debug|Any CPU
		Release|Any CPU = Release|Any CPU
	EndGlobalSection
	GlobalSection(ProjectConfigurationPlatforms) = postSolution
		{26D59CEE-1786-40EE-87C7-1ABF6546DFBA}.Debug|Any CPU.ActiveCfg = Debug|Any CPU
		{26D59CEE-1786-40EE-87C7-1ABF6546DFBA}.Debug|Any CPU.Build.0 = Debug|Any CPU
		{26D59CEE-1786-40EE-87C7-1ABF6546DFBA}.Release|Any CPU.ActiveCfg = Release|Any CPU
		{26D59CEE-1786-40EE-87C7-1ABF6546DFBA}.Release|Any CPU.Build.0 = Release|Any CPU
		{4DEBF32E-5957-4302-A3DF-C4DBCAB0963A}.Debug|Any CPU.ActiveCfg = Debug|Any CPU
		{4DEBF32E-5957-4302-A3DF-C4DBCAB0963A}.Debug|Any CPU.Build.0 = Debug|Any CPU
		{4DEBF32E-5957-4302-A3DF-C4DBCAB0963A}.Release|Any CPU.ActiveCfg = Release|Any CPU
		{4DEBF32E-5957-4302-A3DF-C4DBCAB0963A}.Release|Any CPU.Build.0 = Release|Any CPU
		{1CFA9E24-8825-4AE8-A8BE-D02A983C10C2}.Debug|Any CPU.ActiveCfg = Debug|Any CPU
		{1CFA9E24-8825-4AE8-A8BE-D02A983C10C2}.Debug|Any CPU.Build.0 = Debug|Any CPU
		{1CFA9E24-8825-4AE8-A8BE-D02A983C10C2}.Release|Any CPU.ActiveCfg = Release|Any CPU
		{1CFA9E24-8825-4AE8-A8BE-D02A983C10C2}.Release|Any CPU.Build.0 = Release|Any CPU
		{C57FD3EB-D2F2-4165-9117-53D8AD2C501D}.Debug|Any CPU.ActiveCfg = Debug|Any CPU
		{C57FD3EB-D2F2-4165-9117-53D8AD2C501D}.Debug|Any CPU.Build.0 = Debug|Any CPU
		{C57FD3EB-D2F2-4165-9117-53D8AD2C501D}.Release|Any CPU.ActiveCfg = Release|Any CPU
		{C57FD3EB-D2F2-4165-9117-53D8AD2C501D}.Release|Any CPU.Build.0 = Release|Any CPU
		{43ABE386-E9F6-4C28-8A1B-962342578617}.Debug|Any CPU.ActiveCfg = Debug|Any CPU
		{43ABE386-E9F6-4C28-8A1B-962342578617}.Debug|Any CPU.Build.0 = Debug|Any CPU
		{43ABE386-E9F6-4C28-8A1B-962342578617}.Release|Any CPU.ActiveCfg = Release|Any CPU
		{43ABE386-E9F6-4C28-8A1B-962342578617}.Release|Any CPU.Build.0 = Release|Any CPU
	EndGlobalSection
	GlobalSection(SolutionProperties) = preSolution
		HideSolutionNode = FALSE
	EndGlobalSection
	GlobalSection(ExtensibilityGlobals) = postSolution
		SolutionGuid = {5BC9B0F9-74FC-4C1A-BD59-53E2D3ED9171}
	EndGlobalSection
EndGlobal
